
Microsoft Visual Studio Solution File, Format Version 12.00
# Visual Studio Version 17
VisualStudioVersion = 17.0.31903.59
MinimumVisualStudioVersion = 10.0.40219.1
Project("{FAE04EC0-301F-11D3-BF4B-00C04F79EFBC}") = "MixWarz.Domain", "MixWarz.Domain\MixWarz.Domain.csproj", "{9DF728D7-2B7A-4B2A-B221-69EF114A1B2C}"
EndProject
Project("{FAE04EC0-301F-11D3-BF4B-00C04F79EFBC}") = "MixWarz.Application", "MixWarz.Application\MixWarz.Application.csproj", "{21BD9860-DFAA-481E-AD08-F2D3FC409D06}"
EndProject
Project("{FAE04EC0-301F-11D3-BF4B-00C04F79EFBC}") = "MixWarz.Infrastructure", "MixWarz.Infrastructure\MixWarz.Infrastructure.csproj", "{07574D3B-843A-4EDC-8C17-48577C6E6C05}"
EndProject
Project("{FAE04EC0-301F-11D3-BF4B-00C04F79EFBC}") = "MixWarz.API", "MixWarz.API\MixWarz.API.csproj", "{ADD68FB9-8B0D-440D-9973-74EF7C5136F8}"
EndProject
Global
	GlobalSection(SolutionConfigurationPlatforms) = preSolution
		Debug|Any CPU = Debug|Any CPU
		Debug|x64 = Debug|x64
		Debug|x86 = Debug|x86
		Release|Any CPU = Release|Any CPU
		Release|x64 = Release|x64
		Release|x86 = Release|x86
	EndGlobalSection
	GlobalSection(ProjectConfigurationPlatforms) = postSolution
		{9DF728D7-2B7A-4B2A-B221-69EF114A1B2C}.Debug|Any CPU.ActiveCfg = Debug|Any CPU
		{9DF728D7-2B7A-4B2A-B221-69EF114A1B2C}.Debug|Any CPU.Build.0 = Debug|Any CPU
		{9DF728D7-2B7A-4B2A-B221-69EF114A1B2C}.Debug|x64.ActiveCfg = Debug|Any CPU
		{9DF728D7-2B7A-4B2A-B221-69EF114A1B2C}.Debug|x64.Build.0 = Debug|Any CPU
		{9DF728D7-2B7A-4B2A-B221-69EF114A1B2C}.Debug|x86.ActiveCfg = Debug|Any CPU
		{9DF728D7-2B7A-4B2A-B221-69EF114A1B2C}.Debug|x86.Build.0 = Debug|Any CPU
		{9DF728D7-2B7A-4B2A-B221-69EF114A1B2C}.Release|Any CPU.ActiveCfg = Release|Any CPU
		{9DF728D7-2B7A-4B2A-B221-69EF114A1B2C}.Release|Any CPU.Build.0 = Release|Any CPU
		{9DF728D7-2B7A-4B2A-B221-69EF114A1B2C}.Release|x64.ActiveCfg = Release|Any CPU
		{9DF728D7-2B7A-4B2A-B221-69EF114A1B2C}.Release|x64.Build.0 = Release|Any CPU
		{9DF728D7-2B7A-4B2A-B221-69EF114A1B2C}.Release|x86.ActiveCfg = Release|Any CPU
		{9DF728D7-2B7A-4B2A-B221-69EF114A1B2C}.Release|x86.Build.0 = Release|Any CPU
		{21BD9860-DFAA-481E-AD08-F2D3FC409D06}.Debug|Any CPU.ActiveCfg = Debug|Any CPU
		{21BD9860-DFAA-481E-AD08-F2D3FC409D06}.Debug|Any CPU.Build.0 = Debug|Any CPU
		{21BD9860-DFAA-481E-AD08-F2D3FC409D06}.Debug|x64.ActiveCfg = Debug|Any CPU
		{21BD9860-DFAA-481E-AD08-F2D3FC409D06}.Debug|x64.Build.0 = Debug|Any CPU
		{21BD9860-DFAA-481E-AD08-F2D3FC409D06}.Debug|x86.ActiveCfg = Debug|Any CPU
		{21BD9860-DFAA-481E-AD08-F2D3FC409D06}.Debug|x86.Build.0 = Debug|Any CPU
		{21BD9860-DFAA-481E-AD08-F2D3FC409D06}.Release|Any CPU.ActiveCfg = Release|Any CPU
		{21BD9860-DFAA-481E-AD08-F2D3FC409D06}.Release|Any CPU.Build.0 = Release|Any CPU
		{21BD9860-DFAA-481E-AD08-F2D3FC409D06}.Release|x64.ActiveCfg = Release|Any CPU
		{21BD9860-DFAA-481E-AD08-F2D3FC409D06}.Release|x64.Build.0 = Release|Any CPU
		{21BD9860-DFAA-481E-AD08-F2D3FC409D06}.Release|x86.ActiveCfg = Release|Any CPU
		{21BD9860-DFAA-481E-AD08-F2D3FC409D06}.Release|x86.Build.0 = Release|Any CPU
		{07574D3B-843A-4EDC-8C17-48577C6E6C05}.Debug|Any CPU.ActiveCfg = Debug|Any CPU
		{07574D3B-843A-4EDC-8C17-48577C6E6C05}.Debug|Any CPU.Build.0 = Debug|Any CPU
		{07574D3B-843A-4EDC-8C17-48577C6E6C05}.Debug|x64.ActiveCfg = Debug|Any CPU
		{07574D3B-843A-4EDC-8C17-48577C6E6C05}.Debug|x64.Build.0 = Debug|Any CPU
		{07574D3B-843A-4EDC-8C17-48577C6E6C05}.Debug|x86.ActiveCfg = Debug|Any CPU
		{07574D3B-843A-4EDC-8C17-48577C6E6C05}.Debug|x86.Build.0 = Debug|Any CPU
		{07574D3B-843A-4EDC-8C17-48577C6E6C05}.Release|Any CPU.ActiveCfg = Release|Any CPU
		{07574D3B-843A-4EDC-8C17-48577C6E6C05}.Release|Any CPU.Build.0 = Release|Any CPU
		{07574D3B-843A-4EDC-8C17-48577C6E6C05}.Release|x64.ActiveCfg = Release|Any CPU
		{07574D3B-843A-4EDC-8C17-48577C6E6C05}.Release|x64.Build.0 = Release|Any CPU
		{07574D3B-843A-4EDC-8C17-48577C6E6C05}.Release|x86.ActiveCfg = Release|Any CPU
		{07574D3B-843A-4EDC-8C17-48577C6E6C05}.Release|x86.Build.0 = Release|Any CPU
		{ADD68FB9-8B0D-440D-9973-74EF7C5136F8}.Debug|Any CPU.ActiveCfg = Debug|Any CPU
		{ADD68FB9-8B0D-440D-9973-74EF7C5136F8}.Debug|Any CPU.Build.0 = Debug|Any CPU
		{ADD68FB9-8B0D-440D-9973-74EF7C5136F8}.Debug|x64.ActiveCfg = Debug|Any CPU
		{ADD68FB9-8B0D-440D-9973-74EF7C5136F8}.Debug|x64.Build.0 = Debug|Any CPU
		{ADD68FB9-8B0D-440D-9973-74EF7C5136F8}.Debug|x86.ActiveCfg = Debug|Any CPU
		{ADD68FB9-8B0D-440D-9973-74EF7C5136F8}.Debug|x86.Build.0 = Debug|Any CPU
		{ADD68FB9-8B0D-440D-9973-74EF7C5136F8}.Release|Any CPU.ActiveCfg = Release|Any CPU
		{ADD68FB9-8B0D-440D-9973-74EF7C5136F8}.Release|Any CPU.Build.0 = Release|Any CPU
		{ADD68FB9-8B0D-440D-9973-74EF7C5136F8}.Release|x64.ActiveCfg = Release|Any CPU
		{ADD68FB9-8B0D-440D-9973-74EF7C5136F8}.Release|x64.Build.0 = Release|Any CPU
		{ADD68FB9-8B0D-440D-9973-74EF7C5136F8}.Release|x86.ActiveCfg = Release|Any CPU
		{ADD68FB9-8B0D-440D-9973-74EF7C5136F8}.Release|x86.Build.0 = Release|Any CPU
	EndGlobalSection
	GlobalSection(SolutionProperties) = preSolution
		HideSolutionNode = FALSE
	EndGlobalSection
EndGlobal
